
Microsoft Visual Studio Solution File, Format Version 12.00
# Visual Studio Version 17
VisualStudioVersion = 17.0.32112.339
MinimumVisualStudioVersion = 10.0.40219.1
Project("{FAE04EC0-301F-11D3-BF4B-00C04F79EFBC}") = "SPORTX", "SPORTX\SPORTX.csproj", "{49A39B8F-587C-47AA-9EE3-218E7196A26F}"
EndProject
Global
	GlobalSection(SolutionConfigurationPlatforms) = preSolution
		Debug|Any CPU = Debug|Any CPU
		Release|Any CPU = Release|Any CPU
	EndGlobalSection
	GlobalSection(ProjectConfigurationPlatforms) = postSolution
		{49A39B8F-587C-47AA-9EE3-218E7196A26F}.Debug|Any CPU.ActiveCfg = Debug|Any CPU
		{49A39B8F-587C-47AA-9EE3-218E7196A26F}.Debug|Any CPU.Build.0 = Debug|Any CPU
		{49A39B8F-587C-47AA-9EE3-218E7196A26F}.Release|Any CPU.ActiveCfg = Release|Any CPU
		{49A39B8F-587C-47AA-9EE3-218E7196A26F}.Release|Any CPU.Build.0 = Release|Any CPU
	EndGlobalSection
	GlobalSection(SolutionProperties) = preSolution
		HideSolutionNode = FALSE
	EndGlobalSection
	GlobalSection(ExtensibilityGlobals) = postSolution
		SolutionGuid = {01EFF472-3BDA-40E8-9615-B493E10BF3A6}
	EndGlobalSection
EndGlobal
